{
    "_readme": [
        "This file locks the dependencies of your project to a known state",
        "Read more about it at https://getcomposer.org/doc/01-basic-usage.md#composer-lock-the-lock-file",
        "This file is @generated automatically"
    ],
    "hash": "819238a07c2cff6b87c5d1e47d6e7f3a",
    "content-hash": "b3c795d7b25329df8097ed8ec492da9e",
    "packages": [
        {
            "name": "h5p/h5p-core",
            "version": "1.14",
            "source": {
                "type": "git",
                "url": "https://github.com/h5p/h5p-php-library.git",
                "reference": "da568e4b8ac013e6230427bb543d7aa2ca11700d"
            },
            "dist": {
                "type": "zip",
                "url": "https://api.github.com/repos/h5p/h5p-php-library/zipball/da568e4b8ac013e6230427bb543d7aa2ca11700d",
                "reference": "da568e4b8ac013e6230427bb543d7aa2ca11700d",
                "shasum": ""
            },
            "require": {
                "php": ">=5.3.0"
            },
            "type": "library",
            "autoload": {
                "files": [
                    "h5p.classes.php",
                    "h5p-development.class.php",
                    "h5p-file-storage.interface.php",
                    "h5p-default-storage.class.php",
                    "h5p-event-base.class.php"
                ]
            },
            "notification-url": "https://packagist.org/downloads/",
            "license": [
                "GPL-3.0"
            ],
            "authors": [
                {
                    "name": "Svein-Tore Griff With",
                    "email": "with@joubel.com",
                    "homepage": "http://joubel.com",
                    "role": "CEO"
                },
                {
                    "name": "Frode Petterson",
                    "email": "frode.petterson@joubel.com",
                    "homepage": "http://joubel.com",
                    "role": "Developer"
                }
            ],
            "description": "H5P Core functionality in PHP",
            "homepage": "https://h5p.org",
            "keywords": [
                "content",
                "h5p",
                "hvp",
                "interactive",
                "quiz"
            ],
            "time": "2017-04-18 07:26:01"
        },
        {
            "name": "h5p/h5p-editor",
            "version": "1.13.0",
            "source": {
                "type": "git",
                "url": "https://github.com/h5p/h5p-editor-php-library.git",
                "reference": "d91b52fc4215d35f1c7c28abca603a6e2db25da9"
            },
            "dist": {
                "type": "zip",
                "url": "https://api.github.com/repos/h5p/h5p-editor-php-library/zipball/d91b52fc4215d35f1c7c28abca603a6e2db25da9",
                "reference": "d91b52fc4215d35f1c7c28abca603a6e2db25da9",
                "shasum": ""
            },
            "require": {
                "php": ">=5.3.0"
            },
            "type": "library",
            "autoload": {
                "files": [
                    "h5peditor.class.php",
                    "h5peditor-file.class.php",
                    "h5peditor-ajax.class.php",
                    "h5peditor-storage.interface.php"
                ]
            },
            "notification-url": "https://packagist.org/downloads/",
            "license": [
                "GPL-3.0"
            ],
            "authors": [
                {
                    "name": "Svein-Tore Griff With",
                    "email": "with@joubel.com",
                    "homepage": "http://joubel.com",
                    "role": "CEO"
                },
                {
                    "name": "Frode Petterson",
                    "email": "frode.petterson@joubel.com",
                    "homepage": "http://joubel.com",
                    "role": "Developer"
                }
            ],
            "description": "H5P Editor functionality in PHP",
            "homepage": "https://h5p.org",
            "keywords": [
                "content",
                "editor",
                "h5p",
                "hvp",
                "interactive",
                "quiz"
            ],
            "time": "2017-04-12 09:30:47"
        }
    ],
    "packages-dev": [],
    "aliases": [],
    "minimum-stability": "dev",
    "stability-flags": [],
    "prefer-stable": false,
    "prefer-lowest": false,
    "platform": [],
    "platform-dev": []
}
